// !$*UTF8*$!
{
	archiveVersion = 1;
	classes = {
	};
	objectVersion = 50;
	objects = {

/* Begin PBXBuildFile section */
		C782811925D68A1A00ACE34F /* AppDelegate.swift in Sources */ = {isa = PBXBuildFile; fileRef = C782811825D68A1A00ACE34F /* AppDelegate.swift */; };
		C782811B25D68A1A00ACE34F /* SceneDelegate.swift in Sources */ = {isa = PBXBuildFile; fileRef = C782811A25D68A1A00ACE34F /* SceneDelegate.swift */; };
		C782811D25D68A1A00ACE34F /* ViewController.swift in Sources */ = {isa = PBXBuildFile; fileRef = C782811C25D68A1A00ACE34F /* ViewController.swift */; };
		C782812025D68A1A00ACE34F /* Main.storyboard in Resources */ = {isa = PBXBuildFile; fileRef = C782811E25D68A1A00ACE34F /* Main.storyboard */; };
		C782812225D68A1F00ACE34F /* Assets.xcassets in Resources */ = {isa = PBXBuildFile; fileRef = C782812125D68A1F00ACE34F /* Assets.xcassets */; };
		C782812525D68A1F00ACE34F /* LaunchScreen.storyboard in Resources */ = {isa = PBXBuildFile; fileRef = C782812325D68A1F00ACE34F /* LaunchScreen.storyboard */; };
		C782813625D68A8F00ACE34F /* TestFramework.h in Headers */ = {isa = PBXBuildFile; fileRef = C782813425D68A8F00ACE34F /* TestFramework.h */; settings = {ATTRIBUTES = (Public, ); }; };
		C782813925D68A8F00ACE34F /* TestFramework.framework in Frameworks */ = {isa = PBXBuildFile; fileRef = C782813225D68A8F00ACE34F /* TestFramework.framework */; };
		C782813A25D68A8F00ACE34F /* TestFramework.framework in Embed Frameworks */ = {isa = PBXBuildFile; fileRef = C782813225D68A8F00ACE34F /* TestFramework.framework */; settings = {ATTRIBUTES = (CodeSignOnCopy, RemoveHeadersOnCopy, ); }; };
		C782814125D68AAD00ACE34F /* RedViewController.swift in Sources */ = {isa = PBXBuildFile; fileRef = C782814025D68AAD00ACE34F /* RedViewController.swift */; };
		C782814425D68B5400ACE34F /* BlueViewController.swift in Sources */ = {isa = PBXBuildFile; fileRef = C782814325D68B5400ACE34F /* BlueViewController.swift */; };
		C782814725D68CA600ACE34F /* GreenViewController.swift in Sources */ = {isa = PBXBuildFile; fileRef = C782814625D68CA600ACE34F /* GreenViewController.swift */; };
/* End PBXBuildFile section */

/* Begin PBXContainerItemProxy section */
		C782813725D68A8F00ACE34F /* PBXContainerItemProxy */ = {
			isa = PBXContainerItemProxy;
			containerPortal = C782810D25D68A1A00ACE34F /* Project object */;
			proxyType = 1;
			remoteGlobalIDString = C782813125D68A8F00ACE34F;
			remoteInfo = TestFramework;
		};
/* End PBXContainerItemProxy section */

/* Begin PBXCopyFilesBuildPhase section */
		C782813E25D68A8F00ACE34F /* Embed Frameworks */ = {
			isa = PBXCopyFilesBuildPhase;
			buildActionMask = 2147483647;
			dstPath = "";
			dstSubfolderSpec = 10;
			files = (
				C782813A25D68A8F00ACE34F /* TestFramework.framework in Embed Frameworks */,
			);
			name = "Embed Frameworks";
			runOnlyForDeploymentPostprocessing = 0;
		};
/* End PBXCopyFilesBuildPhase section */

/* Begin PBXFileReference section */
		C782811525D68A1A00ACE34F /* FrameworkTest.app */ = {isa = PBXFileReference; explicitFileType = wrapper.application; includeInIndex = 0; path = FrameworkTest.app; sourceTree = BUILT_PRODUCTS_DIR; };
		C782811825D68A1A00ACE34F /* AppDelegate.swift */ = {isa = PBXFileReference; lastKnownFileType = sourcecode.swift; path = AppDelegate.swift; sourceTree = "<group>"; };
		C782811A25D68A1A00ACE34F /* SceneDelegate.swift */ = {isa = PBXFileReference; lastKnownFileType = sourcecode.swift; path = SceneDelegate.swift; sourceTree = "<group>"; };
		C782811C25D68A1A00ACE34F /* ViewController.swift */ = {isa = PBXFileReference; lastKnownFileType = sourcecode.swift; path = ViewController.swift; sourceTree = "<group>"; };
		C782811F25D68A1A00ACE34F /* Base */ = {isa = PBXFileReference; lastKnownFileType = file.storyboard; name = Base; path = Base.lproj/Main.storyboard; sourceTree = "<group>"; };
		C782812125D68A1F00ACE34F /* Assets.xcassets */ = {isa = PBXFileReference; lastKnownFileType = folder.assetcatalog; path = Assets.xcassets; sourceTree = "<group>"; };
		C782812425D68A1F00ACE34F /* Base */ = {isa = PBXFileReference; lastKnownFileType = file.storyboard; name = Base; path = Base.lproj/LaunchScreen.storyboard; sourceTree = "<group>"; };
		C782812625D68A1F00ACE34F /* Info.plist */ = {isa = PBXFileReference; lastKnownFileType = text.plist.xml; path = Info.plist; sourceTree = "<group>"; };
		C782813225D68A8F00ACE34F /* TestFramework.framework */ = {isa = PBXFileReference; explicitFileType = wrapper.framework; includeInIndex = 0; path = TestFramework.framework; sourceTree = BUILT_PRODUCTS_DIR; };
		C782813425D68A8F00ACE34F /* TestFramework.h */ = {isa = PBXFileReference; lastKnownFileType = sourcecode.c.h; path = TestFramework.h; sourceTree = "<group>"; };
		C782813525D68A8F00ACE34F /* Info.plist */ = {isa = PBXFileReference; lastKnownFileType = text.plist.xml; path = Info.plist; sourceTree = "<group>"; };
		C782814025D68AAD00ACE34F /* RedViewController.swift */ = {isa = PBXFileReference; lastKnownFileType = sourcecode.swift; path = RedViewController.swift; sourceTree = "<group>"; };
		C782814325D68B5400ACE34F /* BlueViewController.swift */ = {isa = PBXFileReference; lastKnownFileType = sourcecode.swift; path = BlueViewController.swift; sourceTree = "<group>"; };
		C782814625D68CA600ACE34F /* GreenViewController.swift */ = {isa = PBXFileReference; lastKnownFileType = sourcecode.swift; path = GreenViewController.swift; sourceTree = "<group>"; };
/* End PBXFileReference section */

/* Begin PBXFrameworksBuildPhase section */
		C782811225D68A1A00ACE34F /* Frameworks */ = {
			isa = PBXFrameworksBuildPhase;
			buildActionMask = 2147483647;
			files = (
				C782813925D68A8F00ACE34F /* TestFramework.framework in Frameworks */,
			);
			runOnlyForDeploymentPostprocessing = 0;
		};
		C782812F25D68A8F00ACE34F /* Frameworks */ = {
			isa = PBXFrameworksBuildPhase;
			buildActionMask = 2147483647;
			files = (
			);
			runOnlyForDeploymentPostprocessing = 0;
		};
/* End PBXFrameworksBuildPhase section */

/* Begin PBXGroup section */
		C782810C25D68A1A00ACE34F = {
			isa = PBXGroup;
			children = (
				C782811725D68A1A00ACE34F /* FrameworkTest */,
				C782813325D68A8F00ACE34F /* TestFramework */,
				C782811625D68A1A00ACE34F /* Products */,
			);
			sourceTree = "<group>";
		};
		C782811625D68A1A00ACE34F /* Products */ = {
			isa = PBXGroup;
			children = (
				C782811525D68A1A00ACE34F /* FrameworkTest.app */,
				C782813225D68A8F00ACE34F /* TestFramework.framework */,
			);
			name = Products;
			sourceTree = "<group>";
		};
		C782811725D68A1A00ACE34F /* FrameworkTest */ = {
			isa = PBXGroup;
			children = (
				C782811825D68A1A00ACE34F /* AppDelegate.swift */,
				C782811A25D68A1A00ACE34F /* SceneDelegate.swift */,
				C782811C25D68A1A00ACE34F /* ViewController.swift */,
				C782814625D68CA600ACE34F /* GreenViewController.swift */,
				C782811E25D68A1A00ACE34F /* Main.storyboard */,
				C782812125D68A1F00ACE34F /* Assets.xcassets */,
				C782812325D68A1F00ACE34F /* LaunchScreen.storyboard */,
				C782812625D68A1F00ACE34F /* Info.plist */,
			);
			path = FrameworkTest;
			sourceTree = "<group>";
		};
		C782813325D68A8F00ACE34F /* TestFramework */ = {
			isa = PBXGroup;
			children = (
				C782813425D68A8F00ACE34F /* TestFramework.h */,
				C782813525D68A8F00ACE34F /* Info.plist */,
				C782814025D68AAD00ACE34F /* RedViewController.swift */,
				C782814325D68B5400ACE34F /* BlueViewController.swift */,
			);
			path = TestFramework;
			sourceTree = "<group>";
		};
/* End PBXGroup section */

/* Begin PBXHeadersBuildPhase section */
		C782812D25D68A8F00ACE34F /* Headers */ = {
			isa = PBXHeadersBuildPhase;
			buildActionMask = 2147483647;
			files = (
				C782813625D68A8F00ACE34F /* TestFramework.h in Headers */,
			);
			runOnlyForDeploymentPostprocessing = 0;
		};
/* End PBXHeadersBuildPhase section */

/* Begin PBXNativeTarget section */
		C782811425D68A1A00ACE34F /* FrameworkTest */ = {
			isa = PBXNativeTarget;
			buildConfigurationList = C782812925D68A1F00ACE34F /* Build configuration list for PBXNativeTarget "FrameworkTest" */;
			buildPhases = (
				C782811125D68A1A00ACE34F /* Sources */,
				C782811225D68A1A00ACE34F /* Frameworks */,
				C782811325D68A1A00ACE34F /* Resources */,
				C782813E25D68A8F00ACE34F /* Embed Frameworks */,
			);
			buildRules = (
			);
			dependencies = (
				C782813825D68A8F00ACE34F /* PBXTargetDependency */,
			);
			name = FrameworkTest;
			productName = FrameworkTest;
			productReference = C782811525D68A1A00ACE34F /* FrameworkTest.app */;
			productType = "com.apple.product-type.application";
		};
		C782813125D68A8F00ACE34F /* TestFramework */ = {
			isa = PBXNativeTarget;
			buildConfigurationList = C782813B25D68A8F00ACE34F /* Build configuration list for PBXNativeTarget "TestFramework" */;
			buildPhases = (
				C782812D25D68A8F00ACE34F /* Headers */,
				C782812E25D68A8F00ACE34F /* Sources */,
				C782812F25D68A8F00ACE34F /* Frameworks */,
				C782813025D68A8F00ACE34F /* Resources */,
			);
			buildRules = (
			);
			dependencies = (
			);
			name = TestFramework;
			productName = TestFramework;
			productReference = C782813225D68A8F00ACE34F /* TestFramework.framework */;
			productType = "com.apple.product-type.framework";
		};
/* End PBXNativeTarget section */

/* Begin PBXProject section */
		C782810D25D68A1A00ACE34F /* Project object */ = {
			isa = PBXProject;
			attributes = {
				LastSwiftUpdateCheck = 1240;
				LastUpgradeCheck = 1240;
				TargetAttributes = {
					C782811425D68A1A00ACE34F = {
						CreatedOnToolsVersion = 12.4;
					};
					C782813125D68A8F00ACE34F = {
						CreatedOnToolsVersion = 12.4;
						LastSwiftMigration = 1240;
					};
				};
			};
			buildConfigurationList = C782811025D68A1A00ACE34F /* Build configuration list for PBXProject "FrameworkTest" */;
			compatibilityVersion = "Xcode 9.3";
			developmentRegion = en;
			hasScannedForEncodings = 0;
			knownRegions = (
				en,
				Base,
			);
			mainGroup = C782810C25D68A1A00ACE34F;
			productRefGroup = C782811625D68A1A00ACE34F /* Products */;
			projectDirPath = "";
			projectRoot = "";
			targets = (
				C782811425D68A1A00ACE34F /* FrameworkTest */,
				C782813125D68A8F00ACE34F /* TestFramework */,
			);
		};
/* End PBXProject section */

/* Begin PBXResourcesBuildPhase section */
		C782811325D68A1A00ACE34F /* Resources */ = {
			isa = PBXResourcesBuildPhase;
			buildActionMask = 2147483647;
			files = (
				C782812525D68A1F00ACE34F /* LaunchScreen.storyboard in Resources */,
				C782812225D68A1F00ACE34F /* Assets.xcassets in Resources */,
				C782812025D68A1A00ACE34F /* Main.storyboard in Resources */,
			);
			runOnlyForDeploymentPostprocessing = 0;
		};
		C782813025D68A8F00ACE34F /* Resources */ = {
			isa = PBXResourcesBuildPhase;
			buildActionMask = 2147483647;
			files = (
			);
			runOnlyForDeploymentPostprocessing = 0;
		};
/* End PBXResourcesBuildPhase section */

/* Begin PBXSourcesBuildPhase section */
		C782811125D68A1A00ACE34F /* Sources */ = {
			isa = PBXSourcesBuildPhase;
			buildActionMask = 2147483647;
			files = (
				C782814725D68CA600ACE34F /* GreenViewController.swift in Sources */,
				C782811D25D68A1A00ACE34F /* ViewController.swift in Sources */,
				C782811925D68A1A00ACE34F /* AppDelegate.swift in Sources */,
				C782811B25D68A1A00ACE34F /* SceneDelegate.swift in Sources */,
			);
			runOnlyForDeploymentPostprocessing = 0;
		};
		C782812E25D68A8F00ACE34F /* Sources */ = {
			isa = PBXSourcesBuildPhase;
			buildActionMask = 2147483647;
			files = (
				C782814425D68B5400ACE34F /* BlueViewController.swift in Sources */,
				C782814125D68AAD00ACE34F /* RedViewController.swift in Sources */,
			);
			runOnlyForDeploymentPostprocessing = 0;
		};
/* End PBXSourcesBuildPhase section */

/* Begin PBXTargetDependency section */
		C782813825D68A8F00ACE34F /* PBXTargetDependency */ = {
			isa = PBXTargetDependency;
			target = C782813125D68A8F00ACE34F /* TestFramework */;
			targetProxy = C782813725D68A8F00ACE34F /* PBXContainerItemProxy */;
		};
/* End PBXTargetDependency section */

/* Begin PBXVariantGroup section */
		C782811E25D68A1A00ACE34F /* Main.storyboard */ = {
			isa = PBXVariantGroup;
			children = (
				C782811F25D68A1A00ACE34F /* Base */,
			);
			name = Main.storyboard;
			sourceTree = "<group>";
		};
		C782812325D68A1F00ACE34F /* LaunchScreen.storyboard */ = {
			isa = PBXVariantGroup;
			children = (
				C782812425D68A1F00ACE34F /* Base */,
			);
			name = LaunchScreen.storyboard;
			sourceTree = "<group>";
		};
/* End PBXVariantGroup section */

/* Begin XCBuildConfiguration section */
		C782812725D68A1F00ACE34F /* Debug */ = {
			isa = XCBuildConfiguration;
			buildSettings = {
				ALWAYS_SEARCH_USER_PATHS = NO;
				CLANG_ANALYZER_NONNULL = YES;
				CLANG_ANALYZER_NUMBER_OBJECT_CONVERSION = YES_AGGRESSIVE;
				CLANG_CXX_LANGUAGE_STANDARD = "gnu++14";
				CLANG_CXX_LIBRARY = "libc++";
				CLANG_ENABLE_MODULES = YES;
				CLANG_ENABLE_OBJC_ARC = YES;
				CLANG_ENABLE_OBJC_WEAK = YES;
				CLANG_WARN_BLOCK_CAPTURE_AUTORELEASING = YES;
				CLANG_WARN_BOOL_CONVERSION = YES;
				CLANG_WARN_COMMA = YES;
				CLANG_WARN_CONSTANT_CONVERSION = YES;
				CLANG_WARN_DEPRECATED_OBJC_IMPLEMENTATIONS = YES;
				CLANG_WARN_DIRECT_OBJC_ISA_USAGE = YES_ERROR;
				CLANG_WARN_DOCUMENTATION_COMMENTS = YES;
				CLANG_WARN_EMPTY_BODY = YES;
				CLANG_WARN_ENUM_CONVERSION = YES;
				CLANG_WARN_INFINITE_RECURSION = YES;
				CLANG_WARN_INT_CONVERSION = YES;
				CLANG_WARN_NON_LITERAL_NULL_CONVERSION = YES;
				CLANG_WARN_OBJC_IMPLICIT_RETAIN_SELF = YES;
				CLANG_WARN_OBJC_LITERAL_CONVERSION = YES;
				CLANG_WARN_OBJC_ROOT_CLASS = YES_ERROR;
				CLANG_WARN_QUOTED_INCLUDE_IN_FRAMEWORK_HEADER = YES;
				CLANG_WARN_RANGE_LOOP_ANALYSIS = YES;
				CLANG_WARN_STRICT_PROTOTYPES = YES;
				CLANG_WARN_SUSPICIOUS_MOVE = YES;
				CLANG_WARN_UNGUARDED_AVAILABILITY = YES_AGGRESSIVE;
				CLANG_WARN_UNREACHABLE_CODE = YES;
				CLANG_WARN__DUPLICATE_METHOD_MATCH = YES;
				COPY_PHASE_STRIP = NO;
				DEBUG_INFORMATION_FORMAT = dwarf;
				ENABLE_STRICT_OBJC_MSGSEND = YES;
				ENABLE_TESTABILITY = YES;
				GCC_C_LANGUAGE_STANDARD = gnu11;
				GCC_DYNAMIC_NO_PIC = NO;
				GCC_NO_COMMON_BLOCKS = YES;
				GCC_OPTIMIZATION_LEVEL = 0;
				GCC_PREPROCESSOR_DEFINITIONS = (
					"DEBUG=1",
					"$(inherited)",
				);
				GCC_WARN_64_TO_32_BIT_CONVERSION = YES;
				GCC_WARN_ABOUT_RETURN_TYPE = YES_ERROR;
				GCC_WARN_UNDECLARED_SELECTOR = YES;
				GCC_WARN_UNINITIALIZED_AUTOS = YES_AGGRESSIVE;
				GCC_WARN_UNUSED_FUNCTION = YES;
				GCC_WARN_UNUSED_VARIABLE = YES;
				IPHONEOS_DEPLOYMENT_TARGET = 14.4;
				MTL_ENABLE_DEBUG_INFO = INCLUDE_SOURCE;
				MTL_FAST_MATH = YES;
				ONLY_ACTIVE_ARCH = YES;
				SDKROOT = iphoneos;
				SWIFT_ACTIVE_COMPILATION_CONDITIONS = DEBUG;
				SWIFT_OPTIMIZATION_LEVEL = "-Onone";
			};
			name = Debug;
		};
		C782812825D68A1F00ACE34F /* Release */ = {
			isa = XCBuildConfiguration;
			buildSettings = {
				ALWAYS_SEARCH_USER_PATHS = NO;
				CLANG_ANALYZER_NONNULL = YES;
				CLANG_ANALYZER_NUMBER_OBJECT_CONVERSION = YES_AGGRESSIVE;
				CLANG_CXX_LANGUAGE_STANDARD = "gnu++14";
				CLANG_CXX_LIBRARY = "libc++";
				CLANG_ENABLE_MODULES = YES;
				CLANG_ENABLE_OBJC_ARC = YES;
				CLANG_ENABLE_OBJC_WEAK = YES;
				CLANG_WARN_BLOCK_CAPTURE_AUTORELEASING = YES;
				CLANG_WARN_BOOL_CONVERSION = YES;
				CLANG_WARN_COMMA = YES;
				CLANG_WARN_CONSTANT_CONVERSION = YES;
				CLANG_WARN_DEPRECATED_OBJC_IMPLEMENTATIONS = YES;
				CLANG_WARN_DIRECT_OBJC_ISA_USAGE = YES_ERROR;
				CLANG_WARN_DOCUMENTATION_COMMENTS = YES;
				CLANG_WARN_EMPTY_BODY = YES;
				CLANG_WARN_ENUM_CONVERSION = YES;
				CLANG_WARN_INFINITE_RECURSION = YES;
				CLANG_WARN_INT_CONVERSION = YES;
				CLANG_WARN_NON_LITERAL_NULL_CONVERSION = YES;
				CLANG_WARN_OBJC_IMPLICIT_RETAIN_SELF = YES;
				CLANG_WARN_OBJC_LITERAL_CONVERSION = YES;
				CLANG_WARN_OBJC_ROOT_CLASS = YES_ERROR;
				CLANG_WARN_QUOTED_INCLUDE_IN_FRAMEWORK_HEADER = YES;
				CLANG_WARN_RANGE_LOOP_ANALYSIS = YES;
				CLANG_WARN_STRICT_PROTOTYPES = YES;
				CLANG_WARN_SUSPICIOUS_MOVE = YES;
				CLANG_WARN_UNGUARDED_AVAILABILITY = YES_AGGRESSIVE;
				CLANG_WARN_UNREACHABLE_CODE = YES;
				CLANG_WARN__DUPLICATE_METHOD_MATCH = YES;
				COPY_PHASE_STRIP = NO;
				DEBUG_INFORMATION_FORMAT = "dwarf-with-dsym";
				ENABLE_NS_ASSERTIONS = NO;
				ENABLE_STRICT_OBJC_MSGSEND = YES;
				GCC_C_LANGUAGE_STANDARD = gnu11;
				GCC_NO_COMMON_BLOCKS = YES;
				GCC_WARN_64_TO_32_BIT_CONVERSION = YES;
				GCC_WARN_ABOUT_RETURN_TYPE = YES_ERROR;
				GCC_WARN_UNDECLARED_SELECTOR = YES;
				GCC_WARN_UNINITIALIZED_AUTOS = YES_AGGRESSIVE;
				GCC_WARN_UNUSED_FUNCTION = YES;
				GCC_WARN_UNUSED_VARIABLE = YES;
				IPHONEOS_DEPLOYMENT_TARGET = 14.4;
				MTL_ENABLE_DEBUG_INFO = NO;
				MTL_FAST_MATH = YES;
				SDKROOT = iphoneos;
				SWIFT_COMPILATION_MODE = wholemodule;
				SWIFT_OPTIMIZATION_LEVEL = "-O";
				VALIDATE_PRODUCT = YES;
			};
			name = Release;
		};
		C782812A25D68A1F00ACE34F /* Debug */ = {
			isa = XCBuildConfiguration;
			buildSettings = {
				ALWAYS_EMBED_SWIFT_STANDARD_LIBRARIES = YES;
				ASSETCATALOG_COMPILER_APPICON_NAME = AppIcon;
				ASSETCATALOG_COMPILER_GLOBAL_ACCENT_COLOR_NAME = AccentColor;
				CODE_SIGN_STYLE = Automatic;
				DEVELOPMENT_TEAM = "";
				INFOPLIST_FILE = FrameworkTest/Info.plist;
				LD_RUNPATH_SEARCH_PATHS = (
					"$(inherited)",
					"@executable_path/Frameworks",
				);
				PRODUCT_BUNDLE_IDENTIFIER = com.example.FrameworkTest;
				PRODUCT_NAME = "$(TARGET_NAME)";
				SWIFT_VERSION = 5.0;
				TARGETED_DEVICE_FAMILY = "1,2";
			};
			name = Debug;
		};
		C782812B25D68A1F00ACE34F /* Release */ = {
			isa = XCBuildConfiguration;
			buildSettings = {
				ALWAYS_EMBED_SWIFT_STANDARD_LIBRARIES = YES;
				ASSETCATALOG_COMPILER_APPICON_NAME = AppIcon;
				ASSETCATALOG_COMPILER_GLOBAL_ACCENT_COLOR_NAME = AccentColor;
				CODE_SIGN_STYLE = Automatic;
				DEVELOPMENT_TEAM = "";
				INFOPLIST_FILE = FrameworkTest/Info.plist;
				LD_RUNPATH_SEARCH_PATHS = (
					"$(inherited)",
					"@executable_path/Frameworks",
				);
				PRODUCT_BUNDLE_IDENTIFIER = com.example.FrameworkTest;
				PRODUCT_NAME = "$(TARGET_NAME)";
				SWIFT_VERSION = 5.0;
				TARGETED_DEVICE_FAMILY = "1,2";
			};
			name = Release;
		};
		C782813C25D68A8F00ACE34F /* Debug */ = {
			isa = XCBuildConfiguration;
			buildSettings = {
				CLANG_ENABLE_MODULES = YES;
				CODE_SIGN_STYLE = Automatic;
				CURRENT_PROJECT_VERSION = 1;
				DEFINES_MODULE = YES;
				DEVELOPMENT_TEAM = "";
				DYLIB_COMPATIBILITY_VERSION = 1;
				DYLIB_CURRENT_VERSION = 1;
				DYLIB_INSTALL_NAME_BASE = "@rpath";
				INFOPLIST_FILE = TestFramework/Info.plist;
				INSTALL_PATH = "$(LOCAL_LIBRARY_DIR)/Frameworks";
				LD_RUNPATH_SEARCH_PATHS = (
					"$(inherited)",
					"@executable_path/Frameworks",
					"@loader_path/Frameworks",
				);
				PRODUCT_BUNDLE_IDENTIFIER = com.example.TestFramework;
				PRODUCT_NAME = "$(TARGET_NAME:c99extidentifier)";
				SKIP_INSTALL = YES;
				SWIFT_OPTIMIZATION_LEVEL = "-Onone";
				SWIFT_VERSION = 5.0;
				TARGETED_DEVICE_FAMILY = "1,2";
				VERSIONING_SYSTEM = "apple-generic";
				VERSION_INFO_PREFIX = "";
			};
			name = Debug;
		};
		C782813D25D68A8F00ACE34F /* Release */ = {
			isa = XCBuildConfiguration;
			buildSettings = {
				CLANG_ENABLE_MODULES = YES;
				CODE_SIGN_STYLE = Automatic;
				CURRENT_PROJECT_VERSION = 1;
				DEFINES_MODULE = YES;
				DEVELOPMENT_TEAM = "";
				DYLIB_COMPATIBILITY_VERSION = 1;
				DYLIB_CURRENT_VERSION = 1;
				DYLIB_INSTALL_NAME_BASE = "@rpath";
				INFOPLIST_FILE = TestFramework/Info.plist;
				INSTALL_PATH = "$(LOCAL_LIBRARY_DIR)/Frameworks";
				LD_RUNPATH_SEARCH_PATHS = (
					"$(inherited)",
					"@executable_path/Frameworks",
					"@loader_path/Frameworks",
				);
				PRODUCT_BUNDLE_IDENTIFIER = com.example.TestFramework;
				PRODUCT_NAME = "$(TARGET_NAME:c99extidentifier)";
				SKIP_INSTALL = YES;
				SWIFT_VERSION = 5.0;
				TARGETED_DEVICE_FAMILY = "1,2";
				VERSIONING_SYSTEM = "apple-generic";
				VERSION_INFO_PREFIX = "";
			};
			name = Release;
		};
/* End XCBuildConfiguration section */

/* Begin XCConfigurationList section */
		C782811025D68A1A00ACE34F /* Build configuration list for PBXProject "FrameworkTest" */ = {
			isa = XCConfigurationList;
			buildConfigurations = (
				C782812725D68A1F00ACE34F /* Debug */,
				C782812825D68A1F00ACE34F /* Release */,
			);
			defaultConfigurationIsVisible = 0;
			defaultConfigurationName = Release;
		};
		C782812925D68A1F00ACE34F /* Build configuration list for PBXNativeTarget "FrameworkTest" */ = {
			isa = XCConfigurationList;
			buildConfigurations = (
				C782812A25D68A1F00ACE34F /* Debug */,
				C782812B25D68A1F00ACE34F /* Release */,
			);
			defaultConfigurationIsVisible = 0;
			defaultConfigurationName = Release;
		};
		C782813B25D68A8F00ACE34F /* Build configuration list for PBXNativeTarget "TestFramework" */ = {
			isa = XCConfigurationList;
			buildConfigurations = (
				C782813C25D68A8F00ACE34F /* Debug */,
				C782813D25D68A8F00ACE34F /* Release */,
			);
			defaultConfigurationIsVisible = 0;
			defaultConfigurationName = Release;
		};
/* End XCConfigurationList section */
	};
	rootObject = C782810D25D68A1A00ACE34F /* Project object */;
}
